
Microsoft Visual Studio Solution File, Format Version 12.00
# Visual Studio 15
VisualStudioVersion = 15.0.28307.757
MinimumVisualStudioVersion = 10.0.40219.1
Project("{FAE04EC0-301F-11D3-BF4B-00C04F79EFBC}") = "PMCS", "PMCS\PMCS.csproj", "{759EF292-E561-49EB-A53E-B6809E94031A}"
EndProject
Project("{FAE04EC0-301F-11D3-BF4B-00C04F79EFBC}") = "PMCS.Core", "PMCS.Core\PMCS.Core.csproj", "{FC0F1761-5D8F-4D0B-A7DC-D8FE8D7EAC49}"
EndProject
Project("{FAE04EC0-301F-11D3-BF4B-00C04F79EFBC}") = "PMCS.Core.CLI", "PMCS.Core.CLI\PMCS.Core.CLI.csproj", "{D65AFC5D-F55E-44AD-94E2-5FED8B7ADC9E}"
EndProject
Global
	GlobalSection(SolutionConfigurationPlatforms) = preSolution
		Debug|Any CPU = Debug|Any CPU
		Release|Any CPU = Release|Any CPU
	EndGlobalSection
	GlobalSection(ProjectConfigurationPlatforms) = postSolution
		{759EF292-E561-49EB-A53E-B6809E94031A}.Debug|Any CPU.ActiveCfg = Debug|Any CPU
		{759EF292-E561-49EB-A53E-B6809E94031A}.Debug|Any CPU.Build.0 = Debug|Any CPU
		{759EF292-E561-49EB-A53E-B6809E94031A}.Release|Any CPU.ActiveCfg = Release|Any CPU
		{759EF292-E561-49EB-A53E-B6809E94031A}.Release|Any CPU.Build.0 = Release|Any CPU
		{FC0F1761-5D8F-4D0B-A7DC-D8FE8D7EAC49}.Debug|Any CPU.ActiveCfg = Debug|Any CPU
		{FC0F1761-5D8F-4D0B-A7DC-D8FE8D7EAC49}.Debug|Any CPU.Build.0 = Debug|Any CPU
		{FC0F1761-5D8F-4D0B-A7DC-D8FE8D7EAC49}.Release|Any CPU.ActiveCfg = Release|Any CPU
		{FC0F1761-5D8F-4D0B-A7DC-D8FE8D7EAC49}.Release|Any CPU.Build.0 = Release|Any CPU
		{D65AFC5D-F55E-44AD-94E2-5FED8B7ADC9E}.Debug|Any CPU.ActiveCfg = Debug|Any CPU
		{D65AFC5D-F55E-44AD-94E2-5FED8B7ADC9E}.Debug|Any CPU.Build.0 = Debug|Any CPU
		{D65AFC5D-F55E-44AD-94E2-5FED8B7ADC9E}.Release|Any CPU.ActiveCfg = Release|Any CPU
		{D65AFC5D-F55E-44AD-94E2-5FED8B7ADC9E}.Release|Any CPU.Build.0 = Release|Any CPU
	EndGlobalSection
	GlobalSection(SolutionProperties) = preSolution
		HideSolutionNode = FALSE
	EndGlobalSection
	GlobalSection(ExtensibilityGlobals) = postSolution
		SolutionGuid = {51ABAC76-B904-4F19-9A26-85B2A1833C9D}
	EndGlobalSection
EndGlobal
